
Microsoft Visual Studio Solution File, Format Version 12.00
# Visual Studio Version 16
VisualStudioVersion = 16.6.30114.105
MinimumVisualStudioVersion = 10.0.40219.1
Project("{F2A71F9B-5D33-465A-A702-920D77279786}") = "Degiro.Account", "src\Degiro.Account\Degiro.Account.fsproj", "{C7CA6EF7-3AB1-4BC8-BBA7-02100327D263}"
EndProject
Project("{F2A71F9B-5D33-465A-A702-920D77279786}") = "Degiro.Tests", "test\Degiro.Tests.fsproj", "{1A1D2E71-A590-4452-96AA-7EBE40E2422C}"
EndProject
Project("{F2A71F9B-5D33-465A-A702-920D77279786}") = "Degiro.Cli", "src\Degiro.Cli\Degiro.Cli.fsproj", "{87B0A059-A66B-464A-BEA7-371E02552AE2}"
EndProject
Global
	GlobalSection(SolutionConfigurationPlatforms) = preSolution
		Debug|Any CPU = Debug|Any CPU
		Debug|x64 = Debug|x64
		Debug|x86 = Debug|x86
		Release|Any CPU = Release|Any CPU
		Release|x64 = Release|x64
		Release|x86 = Release|x86
	EndGlobalSection
	GlobalSection(SolutionProperties) = preSolution
		HideSolutionNode = FALSE
	EndGlobalSection
	GlobalSection(ProjectConfigurationPlatforms) = postSolution
		{C7CA6EF7-3AB1-4BC8-BBA7-02100327D263}.Debug|Any CPU.ActiveCfg = Debug|Any CPU
		{C7CA6EF7-3AB1-4BC8-BBA7-02100327D263}.Debug|Any CPU.Build.0 = Debug|Any CPU
		{C7CA6EF7-3AB1-4BC8-BBA7-02100327D263}.Debug|x64.ActiveCfg = Debug|Any CPU
		{C7CA6EF7-3AB1-4BC8-BBA7-02100327D263}.Debug|x64.Build.0 = Debug|Any CPU
		{C7CA6EF7-3AB1-4BC8-BBA7-02100327D263}.Debug|x86.ActiveCfg = Debug|Any CPU
		{C7CA6EF7-3AB1-4BC8-BBA7-02100327D263}.Debug|x86.Build.0 = Debug|Any CPU
		{C7CA6EF7-3AB1-4BC8-BBA7-02100327D263}.Release|Any CPU.ActiveCfg = Release|Any CPU
		{C7CA6EF7-3AB1-4BC8-BBA7-02100327D263}.Release|Any CPU.Build.0 = Release|Any CPU
		{C7CA6EF7-3AB1-4BC8-BBA7-02100327D263}.Release|x64.ActiveCfg = Release|Any CPU
		{C7CA6EF7-3AB1-4BC8-BBA7-02100327D263}.Release|x64.Build.0 = Release|Any CPU
		{C7CA6EF7-3AB1-4BC8-BBA7-02100327D263}.Release|x86.ActiveCfg = Release|Any CPU
		{C7CA6EF7-3AB1-4BC8-BBA7-02100327D263}.Release|x86.Build.0 = Release|Any CPU
		{1A1D2E71-A590-4452-96AA-7EBE40E2422C}.Debug|Any CPU.ActiveCfg = Debug|Any CPU
		{1A1D2E71-A590-4452-96AA-7EBE40E2422C}.Debug|Any CPU.Build.0 = Debug|Any CPU
		{1A1D2E71-A590-4452-96AA-7EBE40E2422C}.Debug|x64.ActiveCfg = Debug|Any CPU
		{1A1D2E71-A590-4452-96AA-7EBE40E2422C}.Debug|x64.Build.0 = Debug|Any CPU
		{1A1D2E71-A590-4452-96AA-7EBE40E2422C}.Debug|x86.ActiveCfg = Debug|Any CPU
		{1A1D2E71-A590-4452-96AA-7EBE40E2422C}.Debug|x86.Build.0 = Debug|Any CPU
		{1A1D2E71-A590-4452-96AA-7EBE40E2422C}.Release|Any CPU.ActiveCfg = Release|Any CPU
		{1A1D2E71-A590-4452-96AA-7EBE40E2422C}.Release|Any CPU.Build.0 = Release|Any CPU
		{1A1D2E71-A590-4452-96AA-7EBE40E2422C}.Release|x64.ActiveCfg = Release|Any CPU
		{1A1D2E71-A590-4452-96AA-7EBE40E2422C}.Release|x64.Build.0 = Release|Any CPU
		{1A1D2E71-A590-4452-96AA-7EBE40E2422C}.Release|x86.ActiveCfg = Release|Any CPU
		{1A1D2E71-A590-4452-96AA-7EBE40E2422C}.Release|x86.Build.0 = Release|Any CPU
		{87B0A059-A66B-464A-BEA7-371E02552AE2}.Debug|Any CPU.ActiveCfg = Debug|Any CPU
		{87B0A059-A66B-464A-BEA7-371E02552AE2}.Debug|Any CPU.Build.0 = Debug|Any CPU
		{87B0A059-A66B-464A-BEA7-371E02552AE2}.Debug|x64.ActiveCfg = Debug|Any CPU
		{87B0A059-A66B-464A-BEA7-371E02552AE2}.Debug|x64.Build.0 = Debug|Any CPU
		{87B0A059-A66B-464A-BEA7-371E02552AE2}.Debug|x86.ActiveCfg = Debug|Any CPU
		{87B0A059-A66B-464A-BEA7-371E02552AE2}.Debug|x86.Build.0 = Debug|Any CPU
		{87B0A059-A66B-464A-BEA7-371E02552AE2}.Release|Any CPU.ActiveCfg = Release|Any CPU
		{87B0A059-A66B-464A-BEA7-371E02552AE2}.Release|Any CPU.Build.0 = Release|Any CPU
		{87B0A059-A66B-464A-BEA7-371E02552AE2}.Release|x64.ActiveCfg = Release|Any CPU
		{87B0A059-A66B-464A-BEA7-371E02552AE2}.Release|x64.Build.0 = Release|Any CPU
		{87B0A059-A66B-464A-BEA7-371E02552AE2}.Release|x86.ActiveCfg = Release|Any CPU
		{87B0A059-A66B-464A-BEA7-371E02552AE2}.Release|x86.Build.0 = Release|Any CPU
	EndGlobalSection
EndGlobal
